// !$*UTF8*$!
{
	archiveVersion = 1;
	classes = {
	};
	objectVersion = 48;
	objects = {

/* Begin PBXBuildFile section */
		51DA7FD223D817F0E0DA9645 /* Pods_Asor.framework in Frameworks */ = {isa = PBXBuildFile; fileRef = A3A139032A830C32B7E3394A /* Pods_Asor.framework */; };
		F5674E6B1F808C5E0066AEDB /* AuthService.swift in Sources */ = {isa = PBXBuildFile; fileRef = F5674E6A1F808C5E0066AEDB /* AuthService.swift */; };
		F5FF01231F7E92B500E74820 /* AppDelegate.swift in Sources */ = {isa = PBXBuildFile; fileRef = F5FF01221F7E92B500E74820 /* AppDelegate.swift */; };
		F5FF01281F7E92B500E74820 /* Main.storyboard in Resources */ = {isa = PBXBuildFile; fileRef = F5FF01261F7E92B500E74820 /* Main.storyboard */; };
		F5FF012A1F7E92B500E74820 /* Assets.xcassets in Resources */ = {isa = PBXBuildFile; fileRef = F5FF01291F7E92B500E74820 /* Assets.xcassets */; };
		F5FF012D1F7E92B500E74820 /* LaunchScreen.storyboard in Resources */ = {isa = PBXBuildFile; fileRef = F5FF012B1F7E92B500E74820 /* LaunchScreen.storyboard */; };
		F5FF013C1F7EADA500E74820 /* ChatVC.swift in Sources */ = {isa = PBXBuildFile; fileRef = F5FF013B1F7EADA500E74820 /* ChatVC.swift */; };
		F5FF013E1F7EADC500E74820 /* ChannelVC.swift in Sources */ = {isa = PBXBuildFile; fileRef = F5FF013D1F7EADC500E74820 /* ChannelVC.swift */; };
		F5FF01661F7EC31E00E74820 /* SWRevealViewController.m in Sources */ = {isa = PBXBuildFile; fileRef = F5FF013F1F7EBC7300E74820 /* SWRevealViewController.m */; };
		F5FF01B21F7EF59D00E74820 /* GradientView.swift in Sources */ = {isa = PBXBuildFile; fileRef = F5FF01B11F7EF59D00E74820 /* GradientView.swift */; };
		F5FF01B51F7F110300E74820 /* Constants.swift in Sources */ = {isa = PBXBuildFile; fileRef = F5FF01B41F7F110300E74820 /* Constants.swift */; };
		F5FF01B91F7F199500E74820 /* LoginVC.swift in Sources */ = {isa = PBXBuildFile; fileRef = F5FF01B81F7F199500E74820 /* LoginVC.swift */; };
		F5FF01BB1F7F2F9400E74820 /* CreateAccountVC.swift in Sources */ = {isa = PBXBuildFile; fileRef = F5FF01BA1F7F2F9400E74820 /* CreateAccountVC.swift */; };
/* End PBXBuildFile section */

/* Begin PBXFileReference section */
		9913657FD440680112AFA264 /* Pods-Asor.release.xcconfig */ = {isa = PBXFileReference; includeInIndex = 1; lastKnownFileType = text.xcconfig; name = "Pods-Asor.release.xcconfig"; path = "Pods/Target Support Files/Pods-Asor/Pods-Asor.release.xcconfig"; sourceTree = "<group>"; };
		A3A139032A830C32B7E3394A /* Pods_Asor.framework */ = {isa = PBXFileReference; explicitFileType = wrapper.framework; includeInIndex = 0; path = Pods_Asor.framework; sourceTree = BUILT_PRODUCTS_DIR; };
		E183E2E266997E71F23D93D6 /* Pods-Asor.debug.xcconfig */ = {isa = PBXFileReference; includeInIndex = 1; lastKnownFileType = text.xcconfig; name = "Pods-Asor.debug.xcconfig"; path = "Pods/Target Support Files/Pods-Asor/Pods-Asor.debug.xcconfig"; sourceTree = "<group>"; };
		F5674E6A1F808C5E0066AEDB /* AuthService.swift */ = {isa = PBXFileReference; lastKnownFileType = sourcecode.swift; path = AuthService.swift; sourceTree = "<group>"; };
		F5FF011F1F7E92B500E74820 /* Asor.app */ = {isa = PBXFileReference; explicitFileType = wrapper.application; includeInIndex = 0; path = Asor.app; sourceTree = BUILT_PRODUCTS_DIR; };
		F5FF01221F7E92B500E74820 /* AppDelegate.swift */ = {isa = PBXFileReference; lastKnownFileType = sourcecode.swift; path = AppDelegate.swift; sourceTree = "<group>"; };
		F5FF01271F7E92B500E74820 /* Base */ = {isa = PBXFileReference; lastKnownFileType = file.storyboard; name = Base; path = Base.lproj/Main.storyboard; sourceTree = "<group>"; };
		F5FF01291F7E92B500E74820 /* Assets.xcassets */ = {isa = PBXFileReference; lastKnownFileType = folder.assetcatalog; path = Assets.xcassets; sourceTree = "<group>"; };
		F5FF012C1F7E92B500E74820 /* Base */ = {isa = PBXFileReference; lastKnownFileType = file.storyboard; name = Base; path = Base.lproj/LaunchScreen.storyboard; sourceTree = "<group>"; };
		F5FF012E1F7E92B500E74820 /* Info.plist */ = {isa = PBXFileReference; lastKnownFileType = text.plist.xml; path = Info.plist; sourceTree = "<group>"; };
		F5FF013B1F7EADA500E74820 /* ChatVC.swift */ = {isa = PBXFileReference; lastKnownFileType = sourcecode.swift; path = ChatVC.swift; sourceTree = "<group>"; };
		F5FF013D1F7EADC500E74820 /* ChannelVC.swift */ = {isa = PBXFileReference; lastKnownFileType = sourcecode.swift; path = ChannelVC.swift; sourceTree = "<group>"; };
		F5FF013F1F7EBC7300E74820 /* SWRevealViewController.m */ = {isa = PBXFileReference; lastKnownFileType = sourcecode.c.objc; path = SWRevealViewController.m; sourceTree = "<group>"; };
		F5FF01401F7EBC7300E74820 /* SWRevealViewController.h */ = {isa = PBXFileReference; lastKnownFileType = sourcecode.c.h; path = SWRevealViewController.h; sourceTree = "<group>"; };
		F5FF01691F7EC44B00E74820 /* Asor-Bridging-Header.h */ = {isa = PBXFileReference; lastKnownFileType = sourcecode.c.h; path = "Asor-Bridging-Header.h"; sourceTree = "<group>"; };
		F5FF01B11F7EF59D00E74820 /* GradientView.swift */ = {isa = PBXFileReference; lastKnownFileType = sourcecode.swift; path = GradientView.swift; sourceTree = "<group>"; };
		F5FF01B41F7F110300E74820 /* Constants.swift */ = {isa = PBXFileReference; lastKnownFileType = sourcecode.swift; path = Constants.swift; sourceTree = "<group>"; };
		F5FF01B81F7F199500E74820 /* LoginVC.swift */ = {isa = PBXFileReference; lastKnownFileType = sourcecode.swift; path = LoginVC.swift; sourceTree = "<group>"; };
		F5FF01BA1F7F2F9400E74820 /* CreateAccountVC.swift */ = {isa = PBXFileReference; lastKnownFileType = sourcecode.swift; path = CreateAccountVC.swift; sourceTree = "<group>"; };
/* End PBXFileReference section */

/* Begin PBXFrameworksBuildPhase section */
		F5FF011C1F7E92B500E74820 /* Frameworks */ = {
			isa = PBXFrameworksBuildPhase;
			buildActionMask = 2147483647;
			files = (
				51DA7FD223D817F0E0DA9645 /* Pods_Asor.framework in Frameworks */,
			);
			runOnlyForDeploymentPostprocessing = 0;
		};
/* End PBXFrameworksBuildPhase section */

/* Begin PBXGroup section */
		643EDB330D97E68B42C47910 /* Pods */ = {
			isa = PBXGroup;
			children = (
				E183E2E266997E71F23D93D6 /* Pods-Asor.debug.xcconfig */,
				9913657FD440680112AFA264 /* Pods-Asor.release.xcconfig */,
			);
			name = Pods;
			sourceTree = "<group>";
		};
		E1AB4DE7FE0DAABC33222E24 /* Frameworks */ = {
			isa = PBXGroup;
			children = (
				A3A139032A830C32B7E3394A /* Pods_Asor.framework */,
			);
			name = Frameworks;
			sourceTree = "<group>";
		};
		F5674E691F808C230066AEDB /* Services */ = {
			isa = PBXGroup;
			children = (
				F5674E6A1F808C5E0066AEDB /* AuthService.swift */,
			);
			path = Services;
			sourceTree = "<group>";
		};
		F5FF01161F7E92B500E74820 = {
			isa = PBXGroup;
			children = (
				F5FF01211F7E92B500E74820 /* Asor */,
				F5FF01201F7E92B500E74820 /* Products */,
				643EDB330D97E68B42C47910 /* Pods */,
				E1AB4DE7FE0DAABC33222E24 /* Frameworks */,
			);
			sourceTree = "<group>";
		};
		F5FF01201F7E92B500E74820 /* Products */ = {
			isa = PBXGroup;
			children = (
				F5FF011F1F7E92B500E74820 /* Asor.app */,
			);
			name = Products;
			sourceTree = "<group>";
		};
		F5FF01211F7E92B500E74820 /* Asor */ = {
			isa = PBXGroup;
			children = (
				F5674E691F808C230066AEDB /* Services */,
				F5FF01B61F7F118300E74820 /* AppDelegate */,
				F5FF01291F7E92B500E74820 /* Assets.xcassets */,
				F5FF013A1F7EAD2700E74820 /* Controllers */,
				F5FF012E1F7E92B500E74820 /* Info.plist */,
				F5FF01381F7EAD1900E74820 /* Models */,
				F5FF01B71F7F11A500E74820 /* StoryBoard */,
				F5FF01341F7EA56900E74820 /* Suporting Files */,
				F5FF01B31F7F10E200E74820 /* Utilities */,
				F5FF01391F7EAD2000E74820 /* Views */,
			);
			path = Asor;
			sourceTree = "<group>";
		};
		F5FF01341F7EA56900E74820 /* Suporting Files */ = {
			isa = PBXGroup;
			children = (
				F5FF01401F7EBC7300E74820 /* SWRevealViewController.h */,
				F5FF013F1F7EBC7300E74820 /* SWRevealViewController.m */,
				F5FF01691F7EC44B00E74820 /* Asor-Bridging-Header.h */,
			);
			path = "Suporting Files";
			sourceTree = "<group>";
		};
		F5FF01381F7EAD1900E74820 /* Models */ = {
			isa = PBXGroup;
			children = (
			);
			path = Models;
			sourceTree = "<group>";
		};
		F5FF01391F7EAD2000E74820 /* Views */ = {
			isa = PBXGroup;
			children = (
				F5FF01B11F7EF59D00E74820 /* GradientView.swift */,
			);
			path = Views;
			sourceTree = "<group>";
		};
		F5FF013A1F7EAD2700E74820 /* Controllers */ = {
			isa = PBXGroup;
			children = (
				F5FF013B1F7EADA500E74820 /* ChatVC.swift */,
				F5FF013D1F7EADC500E74820 /* ChannelVC.swift */,
				F5FF01B81F7F199500E74820 /* LoginVC.swift */,
				F5FF01BA1F7F2F9400E74820 /* CreateAccountVC.swift */,
			);
			path = Controllers;
			sourceTree = "<group>";
		};
		F5FF01B31F7F10E200E74820 /* Utilities */ = {
			isa = PBXGroup;
			children = (
				F5FF01B41F7F110300E74820 /* Constants.swift */,
			);
			path = Utilities;
			sourceTree = "<group>";
		};
		F5FF01B61F7F118300E74820 /* AppDelegate */ = {
			isa = PBXGroup;
			children = (
				F5FF01221F7E92B500E74820 /* AppDelegate.swift */,
			);
			path = AppDelegate;
			sourceTree = "<group>";
		};
		F5FF01B71F7F11A500E74820 /* StoryBoard */ = {
			isa = PBXGroup;
			children = (
				F5FF012B1F7E92B500E74820 /* LaunchScreen.storyboard */,
				F5FF01261F7E92B500E74820 /* Main.storyboard */,
			);
			path = StoryBoard;
			sourceTree = "<group>";
		};
/* End PBXGroup section */

/* Begin PBXNativeTarget section */
		F5FF011E1F7E92B500E74820 /* Asor */ = {
			isa = PBXNativeTarget;
			buildConfigurationList = F5FF01311F7E92B500E74820 /* Build configuration list for PBXNativeTarget "Asor" */;
			buildPhases = (
				E181D32E7FFD81338A3C42EE /* [CP] Check Pods Manifest.lock */,
				F5FF011B1F7E92B500E74820 /* Sources */,
				F5FF011C1F7E92B500E74820 /* Frameworks */,
				F5FF011D1F7E92B500E74820 /* Resources */,
				6EEBB7D94D535B71A6C3C0C4 /* [CP] Embed Pods Frameworks */,
				D36B8B9E9483592F04CC5632 /* [CP] Copy Pods Resources */,
			);
			buildRules = (
			);
			dependencies = (
			);
			name = Asor;
			productName = Asor;
			productReference = F5FF011F1F7E92B500E74820 /* Asor.app */;
			productType = "com.apple.product-type.application";
		};
/* End PBXNativeTarget section */

/* Begin PBXProject section */
		F5FF01171F7E92B500E74820 /* Project object */ = {
			isa = PBXProject;
			attributes = {
				LastSwiftUpdateCheck = 0900;
				LastUpgradeCheck = 0900;
				ORGANIZATIONNAME = "Tanay Kumar";
				TargetAttributes = {
					F5FF011E1F7E92B500E74820 = {
						CreatedOnToolsVersion = 9.0;
						LastSwiftMigration = 0900;
						ProvisioningStyle = Automatic;
					};
				};
			};
			buildConfigurationList = F5FF011A1F7E92B500E74820 /* Build configuration list for PBXProject "Asor" */;
			compatibilityVersion = "Xcode 8.0";
			developmentRegion = en;
			hasScannedForEncodings = 0;
			knownRegions = (
				en,
				Base,
			);
			mainGroup = F5FF01161F7E92B500E74820;
			productRefGroup = F5FF01201F7E92B500E74820 /* Products */;
			projectDirPath = "";
			projectRoot = "";
			targets = (
				F5FF011E1F7E92B500E74820 /* Asor */,
			);
		};
/* End PBXProject section */

/* Begin PBXResourcesBuildPhase section */
		F5FF011D1F7E92B500E74820 /* Resources */ = {
			isa = PBXResourcesBuildPhase;
			buildActionMask = 2147483647;
			files = (
				F5FF012D1F7E92B500E74820 /* LaunchScreen.storyboard in Resources */,
				F5FF012A1F7E92B500E74820 /* Assets.xcassets in Resources */,
				F5FF01281F7E92B500E74820 /* Main.storyboard in Resources */,
			);
			runOnlyForDeploymentPostprocessing = 0;
		};
/* End PBXResourcesBuildPhase section */

/* Begin PBXShellScriptBuildPhase section */
		6EEBB7D94D535B71A6C3C0C4 /* [CP] Embed Pods Frameworks */ = {
			isa = PBXShellScriptBuildPhase;
			buildActionMask = 2147483647;
			files = (
			);
			inputPaths = (
			);
			name = "[CP] Embed Pods Frameworks";
			outputPaths = (
			);
			runOnlyForDeploymentPostprocessing = 0;
			shellPath = /bin/sh;
			shellScript = "\"${SRCROOT}/Pods/Target Support Files/Pods-Asor/Pods-Asor-frameworks.sh\"\n";
			showEnvVarsInLog = 0;
		};
		D36B8B9E9483592F04CC5632 /* [CP] Copy Pods Resources */ = {
			isa = PBXShellScriptBuildPhase;
			buildActionMask = 2147483647;
			files = (
			);
			inputPaths = (
			);
			name = "[CP] Copy Pods Resources";
			outputPaths = (
			);
			runOnlyForDeploymentPostprocessing = 0;
			shellPath = /bin/sh;
			shellScript = "\"${SRCROOT}/Pods/Target Support Files/Pods-Asor/Pods-Asor-resources.sh\"\n";
			showEnvVarsInLog = 0;
		};
		E181D32E7FFD81338A3C42EE /* [CP] Check Pods Manifest.lock */ = {
			isa = PBXShellScriptBuildPhase;
			buildActionMask = 2147483647;
			files = (
			);
			inputPaths = (
			);
			name = "[CP] Check Pods Manifest.lock";
			outputPaths = (
			);
			runOnlyForDeploymentPostprocessing = 0;
			shellPath = /bin/sh;
			shellScript = "diff \"${PODS_ROOT}/../Podfile.lock\" \"${PODS_ROOT}/Manifest.lock\" > /dev/null\nif [ $? != 0 ] ; then\n    # print error to STDERR\n    echo \"error: The sandbox is not in sync with the Podfile.lock. Run 'pod install' or update your CocoaPods installation.\" >&2\n    exit 1\nfi\n";
			showEnvVarsInLog = 0;
		};
/* End PBXShellScriptBuildPhase section */

/* Begin PBXSourcesBuildPhase section */
		F5FF011B1F7E92B500E74820 /* Sources */ = {
			isa = PBXSourcesBuildPhase;
			buildActionMask = 2147483647;
			files = (
				F5FF013C1F7EADA500E74820 /* ChatVC.swift in Sources */,
				F5FF013E1F7EADC500E74820 /* ChannelVC.swift in Sources */,
				F5FF01BB1F7F2F9400E74820 /* CreateAccountVC.swift in Sources */,
				F5674E6B1F808C5E0066AEDB /* AuthService.swift in Sources */,
				F5FF01B91F7F199500E74820 /* LoginVC.swift in Sources */,
				F5FF01B21F7EF59D00E74820 /* GradientView.swift in Sources */,
				F5FF01231F7E92B500E74820 /* AppDelegate.swift in Sources */,
				F5FF01661F7EC31E00E74820 /* SWRevealViewController.m in Sources */,
				F5FF01B51F7F110300E74820 /* Constants.swift in Sources */,
			);
			runOnlyForDeploymentPostprocessing = 0;
		};
/* End PBXSourcesBuildPhase section */

/* Begin PBXVariantGroup section */
		F5FF01261F7E92B500E74820 /* Main.storyboard */ = {
			isa = PBXVariantGroup;
			children = (
				F5FF01271F7E92B500E74820 /* Base */,
			);
			name = Main.storyboard;
			sourceTree = "<group>";
		};
		F5FF012B1F7E92B500E74820 /* LaunchScreen.storyboard */ = {
			isa = PBXVariantGroup;
			children = (
				F5FF012C1F7E92B500E74820 /* Base */,
			);
			name = LaunchScreen.storyboard;
			sourceTree = "<group>";
		};
/* End PBXVariantGroup section */

/* Begin XCBuildConfiguration section */
		F5FF012F1F7E92B500E74820 /* Debug */ = {
			isa = XCBuildConfiguration;
			buildSettings = {
				ALWAYS_SEARCH_USER_PATHS = NO;
				CLANG_ANALYZER_NONNULL = YES;
				CLANG_ANALYZER_NUMBER_OBJECT_CONVERSION = YES_AGGRESSIVE;
				CLANG_CXX_LANGUAGE_STANDARD = "gnu++14";
				CLANG_CXX_LIBRARY = "libc++";
				CLANG_ENABLE_MODULES = YES;
				CLANG_ENABLE_OBJC_ARC = YES;
				CLANG_WARN_BLOCK_CAPTURE_AUTORELEASING = YES;
				CLANG_WARN_BOOL_CONVERSION = YES;
				CLANG_WARN_COMMA = YES;
				CLANG_WARN_CONSTANT_CONVERSION = YES;
				CLANG_WARN_DIRECT_OBJC_ISA_USAGE = YES_ERROR;
				CLANG_WARN_DOCUMENTATION_COMMENTS = YES;
				CLANG_WARN_EMPTY_BODY = YES;
				CLANG_WARN_ENUM_CONVERSION = YES;
				CLANG_WARN_INFINITE_RECURSION = YES;
				CLANG_WARN_INT_CONVERSION = YES;
				CLANG_WARN_NON_LITERAL_NULL_CONVERSION = YES;
				CLANG_WARN_OBJC_LITERAL_CONVERSION = YES;
				CLANG_WARN_OBJC_ROOT_CLASS = YES_ERROR;
				CLANG_WARN_RANGE_LOOP_ANALYSIS = YES;
				CLANG_WARN_STRICT_PROTOTYPES = YES;
				CLANG_WARN_SUSPICIOUS_MOVE = YES;
				CLANG_WARN_UNGUARDED_AVAILABILITY = YES_AGGRESSIVE;
				CLANG_WARN_UNREACHABLE_CODE = YES;
				CLANG_WARN__DUPLICATE_METHOD_MATCH = YES;
				CODE_SIGN_IDENTITY = "iPhone Developer";
				COPY_PHASE_STRIP = NO;
				DEBUG_INFORMATION_FORMAT = dwarf;
				ENABLE_STRICT_OBJC_MSGSEND = YES;
				ENABLE_TESTABILITY = YES;
				GCC_C_LANGUAGE_STANDARD = gnu11;
				GCC_DYNAMIC_NO_PIC = NO;
				GCC_NO_COMMON_BLOCKS = YES;
				GCC_OPTIMIZATION_LEVEL = 0;
				GCC_PREPROCESSOR_DEFINITIONS = (
					"DEBUG=1",
					"$(inherited)",
				);
				GCC_WARN_64_TO_32_BIT_CONVERSION = YES;
				GCC_WARN_ABOUT_RETURN_TYPE = YES_ERROR;
				GCC_WARN_UNDECLARED_SELECTOR = YES;
				GCC_WARN_UNINITIALIZED_AUTOS = YES_AGGRESSIVE;
				GCC_WARN_UNUSED_FUNCTION = YES;
				GCC_WARN_UNUSED_VARIABLE = YES;
				IPHONEOS_DEPLOYMENT_TARGET = 11.0;
				MTL_ENABLE_DEBUG_INFO = YES;
				ONLY_ACTIVE_ARCH = YES;
				SDKROOT = iphoneos;
				SWIFT_ACTIVE_COMPILATION_CONDITIONS = DEBUG;
				SWIFT_OPTIMIZATION_LEVEL = "-Onone";
			};
			name = Debug;
		};
		F5FF01301F7E92B500E74820 /* Release */ = {
			isa = XCBuildConfiguration;
			buildSettings = {
				ALWAYS_SEARCH_USER_PATHS = NO;
				CLANG_ANALYZER_NONNULL = YES;
				CLANG_ANALYZER_NUMBER_OBJECT_CONVERSION = YES_AGGRESSIVE;
				CLANG_CXX_LANGUAGE_STANDARD = "gnu++14";
				CLANG_CXX_LIBRARY = "libc++";
				CLANG_ENABLE_MODULES = YES;
				CLANG_ENABLE_OBJC_ARC = YES;
				CLANG_WARN_BLOCK_CAPTURE_AUTORELEASING = YES;
				CLANG_WARN_BOOL_CONVERSION = YES;
				CLANG_WARN_COMMA = YES;
				CLANG_WARN_CONSTANT_CONVERSION = YES;
				CLANG_WARN_DIRECT_OBJC_ISA_USAGE = YES_ERROR;
				CLANG_WARN_DOCUMENTATION_COMMENTS = YES;
				CLANG_WARN_EMPTY_BODY = YES;
				CLANG_WARN_ENUM_CONVERSION = YES;
				CLANG_WARN_INFINITE_RECURSION = YES;
				CLANG_WARN_INT_CONVERSION = YES;
				CLANG_WARN_NON_LITERAL_NULL_CONVERSION = YES;
				CLANG_WARN_OBJC_LITERAL_CONVERSION = YES;
				CLANG_WARN_OBJC_ROOT_CLASS = YES_ERROR;
				CLANG_WARN_RANGE_LOOP_ANALYSIS = YES;
				CLANG_WARN_STRICT_PROTOTYPES = YES;
				CLANG_WARN_SUSPICIOUS_MOVE = YES;
				CLANG_WARN_UNGUARDED_AVAILABILITY = YES_AGGRESSIVE;
				CLANG_WARN_UNREACHABLE_CODE = YES;
				CLANG_WARN__DUPLICATE_METHOD_MATCH = YES;
				CODE_SIGN_IDENTITY = "iPhone Developer";
				COPY_PHASE_STRIP = NO;
				DEBUG_INFORMATION_FORMAT = "dwarf-with-dsym";
				ENABLE_NS_ASSERTIONS = NO;
				ENABLE_STRICT_OBJC_MSGSEND = YES;
				GCC_C_LANGUAGE_STANDARD = gnu11;
				GCC_NO_COMMON_BLOCKS = YES;
				GCC_WARN_64_TO_32_BIT_CONVERSION = YES;
				GCC_WARN_ABOUT_RETURN_TYPE = YES_ERROR;
				GCC_WARN_UNDECLARED_SELECTOR = YES;
				GCC_WARN_UNINITIALIZED_AUTOS = YES_AGGRESSIVE;
				GCC_WARN_UNUSED_FUNCTION = YES;
				GCC_WARN_UNUSED_VARIABLE = YES;
				IPHONEOS_DEPLOYMENT_TARGET = 11.0;
				MTL_ENABLE_DEBUG_INFO = NO;
				SDKROOT = iphoneos;
				SWIFT_OPTIMIZATION_LEVEL = "-Owholemodule";
				VALIDATE_PRODUCT = YES;
			};
			name = Release;
		};
		F5FF01321F7E92B500E74820 /* Debug */ = {
			isa = XCBuildConfiguration;
			baseConfigurationReference = E183E2E266997E71F23D93D6 /* Pods-Asor.debug.xcconfig */;
			buildSettings = {
				ASSETCATALOG_COMPILER_APPICON_NAME = AppIcon;
				CLANG_ENABLE_MODULES = YES;
				CODE_SIGN_STYLE = Automatic;
				DEVELOPMENT_TEAM = 94EKUQWH5V;
				INFOPLIST_FILE = Asor/Info.plist;
				LD_RUNPATH_SEARCH_PATHS = "$(inherited) @executable_path/Frameworks";
				PRODUCT_BUNDLE_IDENTIFIER = com.tanaykumar.Asor;
				PRODUCT_NAME = "$(TARGET_NAME)";
				SWIFT_OBJC_BRIDGING_HEADER = "Asor/Suporting Files/Asor-Bridging-Header.h";
				SWIFT_OPTIMIZATION_LEVEL = "-Onone";
				SWIFT_VERSION = 4.0;
				TARGETED_DEVICE_FAMILY = "1,2";
			};
			name = Debug;
		};
		F5FF01331F7E92B500E74820 /* Release */ = {
			isa = XCBuildConfiguration;
			baseConfigurationReference = 9913657FD440680112AFA264 /* Pods-Asor.release.xcconfig */;
			buildSettings = {
				ASSETCATALOG_COMPILER_APPICON_NAME = AppIcon;
				CLANG_ENABLE_MODULES = YES;
				CODE_SIGN_STYLE = Automatic;
				DEVELOPMENT_TEAM = 94EKUQWH5V;
				INFOPLIST_FILE = Asor/Info.plist;
				LD_RUNPATH_SEARCH_PATHS = "$(inherited) @executable_path/Frameworks";
				PRODUCT_BUNDLE_IDENTIFIER = com.tanaykumar.Asor;
				PRODUCT_NAME = "$(TARGET_NAME)";
				SWIFT_OBJC_BRIDGING_HEADER = "Asor/Suporting Files/Asor-Bridging-Header.h";
				SWIFT_VERSION = 4.0;
				TARGETED_DEVICE_FAMILY = "1,2";
			};
			name = Release;
		};
/* End XCBuildConfiguration section */

/* Begin XCConfigurationList section */
		F5FF011A1F7E92B500E74820 /* Build configuration list for PBXProject "Asor" */ = {
			isa = XCConfigurationList;
			buildConfigurations = (
				F5FF012F1F7E92B500E74820 /* Debug */,
				F5FF01301F7E92B500E74820 /* Release */,
			);
			defaultConfigurationIsVisible = 0;
			defaultConfigurationName = Release;
		};
		F5FF01311F7E92B500E74820 /* Build configuration list for PBXNativeTarget "Asor" */ = {
			isa = XCConfigurationList;
			buildConfigurations = (
				F5FF01321F7E92B500E74820 /* Debug */,
				F5FF01331F7E92B500E74820 /* Release */,
			);
			defaultConfigurationIsVisible = 0;
			defaultConfigurationName = Release;
		};
/* End XCConfigurationList section */
	};
	rootObject = F5FF01171F7E92B500E74820 /* Project object */;
}
